{
  "name": "memact-origin",
  "version": "0.0.0",
  "lockfileVersion": 3,
  "requires": true,
  "packages": {
    "": {
      "name": "memact-origin",
      "version": "0.0.0",
      "license": "SEE LICENSE IN LICENSE",
      "bin": {
        "memact-origin": "src/cli.mjs"
      },
      "engines": {
        "node": ">=20"
      }
    }
  }
}
